// !$*UTF8*$!
{
	archiveVersion = 1;
	classes = {
	};
	objectVersion = 50;
	objects = {

/* Begin PBXBuildFile section */
		30A3D8782647973B00506557 /* AppDelegate.swift in Sources */ = {isa = PBXBuildFile; fileRef = 30A3D8772647973B00506557 /* AppDelegate.swift */; };
		30A3D87A2647973B00506557 /* SceneDelegate.swift in Sources */ = {isa = PBXBuildFile; fileRef = 30A3D8792647973B00506557 /* SceneDelegate.swift */; };
		30A3D87C2647973B00506557 /* ContentView.swift in Sources */ = {isa = PBXBuildFile; fileRef = 30A3D87B2647973B00506557 /* ContentView.swift */; };
		30A3D87E2647973D00506557 /* Assets.xcassets in Resources */ = {isa = PBXBuildFile; fileRef = 30A3D87D2647973D00506557 /* Assets.xcassets */; };
		30A3D8812647973D00506557 /* Preview Assets.xcassets in Resources */ = {isa = PBXBuildFile; fileRef = 30A3D8802647973D00506557 /* Preview Assets.xcassets */; };
		30A3D8842647973D00506557 /* LaunchScreen.storyboard in Resources */ = {isa = PBXBuildFile; fileRef = 30A3D8822647973D00506557 /* LaunchScreen.storyboard */; };
/* End PBXBuildFile section */

/* Begin PBXFileReference section */
		30A3D8742647973B00506557 /* SwiftUIBulleyeV1.app */ = {isa = PBXFileReference; explicitFileType = wrapper.application; includeInIndex = 0; path = SwiftUIBulleyeV1.app; sourceTree = BUILT_PRODUCTS_DIR; };
		30A3D8772647973B00506557 /* AppDelegate.swift */ = {isa = PBXFileReference; lastKnownFileType = sourcecode.swift; path = AppDelegate.swift; sourceTree = "<group>"; };
		30A3D8792647973B00506557 /* SceneDelegate.swift */ = {isa = PBXFileReference; lastKnownFileType = sourcecode.swift; path = SceneDelegate.swift; sourceTree = "<group>"; };
		30A3D87B2647973B00506557 /* ContentView.swift */ = {isa = PBXFileReference; lastKnownFileType = sourcecode.swift; path = ContentView.swift; sourceTree = "<group>"; };
		30A3D87D2647973D00506557 /* Assets.xcassets */ = {isa = PBXFileReference; lastKnownFileType = folder.assetcatalog; path = Assets.xcassets; sourceTree = "<group>"; };
		30A3D8802647973D00506557 /* Preview Assets.xcassets */ = {isa = PBXFileReference; lastKnownFileType = folder.assetcatalog; path = "Preview Assets.xcassets"; sourceTree = "<group>"; };
		30A3D8832647973D00506557 /* Base */ = {isa = PBXFileReference; lastKnownFileType = file.storyboard; name = Base; path = Base.lproj/LaunchScreen.storyboard; sourceTree = "<group>"; };
		30A3D8852647973D00506557 /* Info.plist */ = {isa = PBXFileReference; lastKnownFileType = text.plist.xml; path = Info.plist; sourceTree = "<group>"; };
/* End PBXFileReference section */

/* Begin PBXFrameworksBuildPhase section */
		30A3D8712647973B00506557 /* Frameworks */ = {
			isa = PBXFrameworksBuildPhase;
			buildActionMask = 2147483647;
			files = (
			);
			runOnlyForDeploymentPostprocessing = 0;
		};
/* End PBXFrameworksBuildPhase section */

/* Begin PBXGroup section */
		30A3D86B2647973B00506557 = {
			isa = PBXGroup;
			children = (
				30A3D8762647973B00506557 /* SwiftUIBulleyeV1 */,
				30A3D8752647973B00506557 /* Products */,
			);
			sourceTree = "<group>";
		};
		30A3D8752647973B00506557 /* Products */ = {
			isa = PBXGroup;
			children = (
				30A3D8742647973B00506557 /* SwiftUIBulleyeV1.app */,
			);
			name = Products;
			sourceTree = "<group>";
		};
		30A3D8762647973B00506557 /* SwiftUIBulleyeV1 */ = {
			isa = PBXGroup;
			children = (
				30A3D8772647973B00506557 /* AppDelegate.swift */,
				30A3D8792647973B00506557 /* SceneDelegate.swift */,
				30A3D87B2647973B00506557 /* ContentView.swift */,
				30A3D87D2647973D00506557 /* Assets.xcassets */,
				30A3D8822647973D00506557 /* LaunchScreen.storyboard */,
				30A3D8852647973D00506557 /* Info.plist */,
				30A3D87F2647973D00506557 /* Preview Content */,
			);
			path = SwiftUIBulleyeV1;
			sourceTree = "<group>";
		};
		30A3D87F2647973D00506557 /* Preview Content */ = {
			isa = PBXGroup;
			children = (
				30A3D8802647973D00506557 /* Preview Assets.xcassets */,
			);
			path = "Preview Content";
			sourceTree = "<group>";
		};
/* End PBXGroup section */

/* Begin PBXNativeTarget section */
		30A3D8732647973B00506557 /* SwiftUIBulleyeV1 */ = {
			isa = PBXNativeTarget;
			buildConfigurationList = 30A3D8882647973D00506557 /* Build configuration list for PBXNativeTarget "SwiftUIBulleyeV1" */;
			buildPhases = (
				30A3D8702647973B00506557 /* Sources */,
				30A3D8712647973B00506557 /* Frameworks */,
				30A3D8722647973B00506557 /* Resources */,
			);
			buildRules = (
			);
			dependencies = (
			);
			name = SwiftUIBulleyeV1;
			productName = SwiftUIBulleyeV1;
			productReference = 30A3D8742647973B00506557 /* SwiftUIBulleyeV1.app */;
			productType = "com.apple.product-type.application";
		};
/* End PBXNativeTarget section */

/* Begin PBXProject section */
		30A3D86C2647973B00506557 /* Project object */ = {
			isa = PBXProject;
			attributes = {
				LastSwiftUpdateCheck = 1250;
				LastUpgradeCheck = 1250;
				TargetAttributes = {
					30A3D8732647973B00506557 = {
						CreatedOnToolsVersion = 12.5;
					};
				};
			};
			buildConfigurationList = 30A3D86F2647973B00506557 /* Build configuration list for PBXProject "SwiftUIBulleyeV1" */;
			compatibilityVersion = "Xcode 9.3";
			developmentRegion = en;
			hasScannedForEncodings = 0;
			knownRegions = (
				en,
				Base,
			);
			mainGroup = 30A3D86B2647973B00506557;
			productRefGroup = 30A3D8752647973B00506557 /* Products */;
			projectDirPath = "";
			projectRoot = "";
			targets = (
				30A3D8732647973B00506557 /* SwiftUIBulleyeV1 */,
			);
		};
/* End PBXProject section */

/* Begin PBXResourcesBuildPhase section */
		30A3D8722647973B00506557 /* Resources */ = {
			isa = PBXResourcesBuildPhase;
			buildActionMask = 2147483647;
			files = (
				30A3D8842647973D00506557 /* LaunchScreen.storyboard in Resources */,
				30A3D8812647973D00506557 /* Preview Assets.xcassets in Resources */,
				30A3D87E2647973D00506557 /* Assets.xcassets in Resources */,
			);
			runOnlyForDeploymentPostprocessing = 0;
		};
/* End PBXResourcesBuildPhase section */

/* Begin PBXSourcesBuildPhase section */
		30A3D8702647973B00506557 /* Sources */ = {
			isa = PBXSourcesBuildPhase;
			buildActionMask = 2147483647;
			files = (
				30A3D8782647973B00506557 /* AppDelegate.swift in Sources */,
				30A3D87A2647973B00506557 /* SceneDelegate.swift in Sources */,
				30A3D87C2647973B00506557 /* ContentView.swift in Sources */,
			);
			runOnlyForDeploymentPostprocessing = 0;
		};
/* End PBXSourcesBuildPhase section */

/* Begin PBXVariantGroup section */
		30A3D8822647973D00506557 /* LaunchScreen.storyboard */ = {
			isa = PBXVariantGroup;
			children = (
				30A3D8832647973D00506557 /* Base */,
			);
			name = LaunchScreen.storyboard;
			sourceTree = "<group>";
		};
/* End PBXVariantGroup section */

/* Begin XCBuildConfiguration section */
		30A3D8862647973D00506557 /* Debug */ = {
			isa = XCBuildConfiguration;
			buildSettings = {
				ALWAYS_SEARCH_USER_PATHS = NO;
				CLANG_ANALYZER_NONNULL = YES;
				CLANG_ANALYZER_NUMBER_OBJECT_CONVERSION = YES_AGGRESSIVE;
				CLANG_CXX_LANGUAGE_STANDARD = "gnu++14";
				CLANG_CXX_LIBRARY = "libc++";
				CLANG_ENABLE_MODULES = YES;
				CLANG_ENABLE_OBJC_ARC = YES;
				CLANG_ENABLE_OBJC_WEAK = YES;
				CLANG_WARN_BLOCK_CAPTURE_AUTORELEASING = YES;
				CLANG_WARN_BOOL_CONVERSION = YES;
				CLANG_WARN_COMMA = YES;
				CLANG_WARN_CONSTANT_CONVERSION = YES;
				CLANG_WARN_DEPRECATED_OBJC_IMPLEMENTATIONS = YES;
				CLANG_WARN_DIRECT_OBJC_ISA_USAGE = YES_ERROR;
				CLANG_WARN_DOCUMENTATION_COMMENTS = YES;
				CLANG_WARN_EMPTY_BODY = YES;
				CLANG_WARN_ENUM_CONVERSION = YES;
				CLANG_WARN_INFINITE_RECURSION = YES;
				CLANG_WARN_INT_CONVERSION = YES;
				CLANG_WARN_NON_LITERAL_NULL_CONVERSION = YES;
				CLANG_WARN_OBJC_IMPLICIT_RETAIN_SELF = YES;
				CLANG_WARN_OBJC_LITERAL_CONVERSION = YES;
				CLANG_WARN_OBJC_ROOT_CLASS = YES_ERROR;
				CLANG_WARN_QUOTED_INCLUDE_IN_FRAMEWORK_HEADER = YES;
				CLANG_WARN_RANGE_LOOP_ANALYSIS = YES;
				CLANG_WARN_STRICT_PROTOTYPES = YES;
				CLANG_WARN_SUSPICIOUS_MOVE = YES;
				CLANG_WARN_UNGUARDED_AVAILABILITY = YES_AGGRESSIVE;
				CLANG_WARN_UNREACHABLE_CODE = YES;
				CLANG_WARN__DUPLICATE_METHOD_MATCH = YES;
				COPY_PHASE_STRIP = NO;
				DEBUG_INFORMATION_FORMAT = dwarf;
				ENABLE_STRICT_OBJC_MSGSEND = YES;
				ENABLE_TESTABILITY = YES;
				GCC_C_LANGUAGE_STANDARD = gnu11;
				GCC_DYNAMIC_NO_PIC = NO;
				GCC_NO_COMMON_BLOCKS = YES;
				GCC_OPTIMIZATION_LEVEL = 0;
				GCC_PREPROCESSOR_DEFINITIONS = (
					"DEBUG=1",
					"$(inherited)",
				);
				GCC_WARN_64_TO_32_BIT_CONVERSION = YES;
				GCC_WARN_ABOUT_RETURN_TYPE = YES_ERROR;
				GCC_WARN_UNDECLARED_SELECTOR = YES;
				GCC_WARN_UNINITIALIZED_AUTOS = YES_AGGRESSIVE;
				GCC_WARN_UNUSED_FUNCTION = YES;
				GCC_WARN_UNUSED_VARIABLE = YES;
				IPHONEOS_DEPLOYMENT_TARGET = 14.5;
				MTL_ENABLE_DEBUG_INFO = INCLUDE_SOURCE;
				MTL_FAST_MATH = YES;
				ONLY_ACTIVE_ARCH = YES;
				SDKROOT = iphoneos;
				SWIFT_ACTIVE_COMPILATION_CONDITIONS = DEBUG;
				SWIFT_OPTIMIZATION_LEVEL = "-Onone";
			};
			name = Debug;
		};
		30A3D8872647973D00506557 /* Release */ = {
			isa = XCBuildConfiguration;
			buildSettings = {
				ALWAYS_SEARCH_USER_PATHS = NO;
				CLANG_ANALYZER_NONNULL = YES;
				CLANG_ANALYZER_NUMBER_OBJECT_CONVERSION = YES_AGGRESSIVE;
				CLANG_CXX_LANGUAGE_STANDARD = "gnu++14";
				CLANG_CXX_LIBRARY = "libc++";
				CLANG_ENABLE_MODULES = YES;
				CLANG_ENABLE_OBJC_ARC = YES;
				CLANG_ENABLE_OBJC_WEAK = YES;
				CLANG_WARN_BLOCK_CAPTURE_AUTORELEASING = YES;
				CLANG_WARN_BOOL_CONVERSION = YES;
				CLANG_WARN_COMMA = YES;
				CLANG_WARN_CONSTANT_CONVERSION = YES;
				CLANG_WARN_DEPRECATED_OBJC_IMPLEMENTATIONS = YES;
				CLANG_WARN_DIRECT_OBJC_ISA_USAGE = YES_ERROR;
				CLANG_WARN_DOCUMENTATION_COMMENTS = YES;
				CLANG_WARN_EMPTY_BODY = YES;
				CLANG_WARN_ENUM_CONVERSION = YES;
				CLANG_WARN_INFINITE_RECURSION = YES;
				CLANG_WARN_INT_CONVERSION = YES;
				CLANG_WARN_NON_LITERAL_NULL_CONVERSION = YES;
				CLANG_WARN_OBJC_IMPLICIT_RETAIN_SELF = YES;
				CLANG_WARN_OBJC_LITERAL_CONVERSION = YES;
				CLANG_WARN_OBJC_ROOT_CLASS = YES_ERROR;
				CLANG_WARN_QUOTED_INCLUDE_IN_FRAMEWORK_HEADER = YES;
				CLANG_WARN_RANGE_LOOP_ANALYSIS = YES;
				CLANG_WARN_STRICT_PROTOTYPES = YES;
				CLANG_WARN_SUSPICIOUS_MOVE = YES;
				CLANG_WARN_UNGUARDED_AVAILABILITY = YES_AGGRESSIVE;
				CLANG_WARN_UNREACHABLE_CODE = YES;
				CLANG_WARN__DUPLICATE_METHOD_MATCH = YES;
				COPY_PHASE_STRIP = NO;
				DEBUG_INFORMATION_FORMAT = "dwarf-with-dsym";
				ENABLE_NS_ASSERTIONS = NO;
				ENABLE_STRICT_OBJC_MSGSEND = YES;
				GCC_C_LANGUAGE_STANDARD = gnu11;
				GCC_NO_COMMON_BLOCKS = YES;
				GCC_WARN_64_TO_32_BIT_CONVERSION = YES;
				GCC_WARN_ABOUT_RETURN_TYPE = YES_ERROR;
				GCC_WARN_UNDECLARED_SELECTOR = YES;
				GCC_WARN_UNINITIALIZED_AUTOS = YES_AGGRESSIVE;
				GCC_WARN_UNUSED_FUNCTION = YES;
				GCC_WARN_UNUSED_VARIABLE = YES;
				IPHONEOS_DEPLOYMENT_TARGET = 14.5;
				MTL_ENABLE_DEBUG_INFO = NO;
				MTL_FAST_MATH = YES;
				SDKROOT = iphoneos;
				SWIFT_COMPILATION_MODE = wholemodule;
				SWIFT_OPTIMIZATION_LEVEL = "-O";
				VALIDATE_PRODUCT = YES;
			};
			name = Release;
		};
		30A3D8892647973D00506557 /* Debug */ = {
			isa = XCBuildConfiguration;
			buildSettings = {
				ASSETCATALOG_COMPILER_APPICON_NAME = AppIcon;
				ASSETCATALOG_COMPILER_GLOBAL_ACCENT_COLOR_NAME = AccentColor;
				CODE_SIGN_STYLE = Automatic;
				DEVELOPMENT_ASSET_PATHS = "\"SwiftUIBulleyeV1/Preview Content\"";
				DEVELOPMENT_TEAM = 3Y3Z2Z567H;
				ENABLE_PREVIEWS = YES;
				INFOPLIST_FILE = SwiftUIBulleyeV1/Info.plist;
				LD_RUNPATH_SEARCH_PATHS = (
					"$(inherited)",
					"@executable_path/Frameworks",
				);
				PRODUCT_BUNDLE_IDENTIFIER = kr.ac.sogang.20171653.SwiftUIBulleyeV1;
				PRODUCT_NAME = "$(TARGET_NAME)";
				SWIFT_VERSION = 5.0;
				TARGETED_DEVICE_FAMILY = "1,2";
			};
			name = Debug;
		};
		30A3D88A2647973D00506557 /* Release */ = {
			isa = XCBuildConfiguration;
			buildSettings = {
				ASSETCATALOG_COMPILER_APPICON_NAME = AppIcon;
				ASSETCATALOG_COMPILER_GLOBAL_ACCENT_COLOR_NAME = AccentColor;
				CODE_SIGN_STYLE = Automatic;
				DEVELOPMENT_ASSET_PATHS = "\"SwiftUIBulleyeV1/Preview Content\"";
				DEVELOPMENT_TEAM = 3Y3Z2Z567H;
				ENABLE_PREVIEWS = YES;
				INFOPLIST_FILE = SwiftUIBulleyeV1/Info.plist;
				LD_RUNPATH_SEARCH_PATHS = (
					"$(inherited)",
					"@executable_path/Frameworks",
				);
				PRODUCT_BUNDLE_IDENTIFIER = kr.ac.sogang.20171653.SwiftUIBulleyeV1;
				PRODUCT_NAME = "$(TARGET_NAME)";
				SWIFT_VERSION = 5.0;
				TARGETED_DEVICE_FAMILY = "1,2";
			};
			name = Release;
		};
/* End XCBuildConfiguration section */

/* Begin XCConfigurationList section */
		30A3D86F2647973B00506557 /* Build configuration list for PBXProject "SwiftUIBulleyeV1" */ = {
			isa = XCConfigurationList;
			buildConfigurations = (
				30A3D8862647973D00506557 /* Debug */,
				30A3D8872647973D00506557 /* Release */,
			);
			defaultConfigurationIsVisible = 0;
			defaultConfigurationName = Release;
		};
		30A3D8882647973D00506557 /* Build configuration list for PBXNativeTarget "SwiftUIBulleyeV1" */ = {
			isa = XCConfigurationList;
			buildConfigurations = (
				30A3D8892647973D00506557 /* Debug */,
				30A3D88A2647973D00506557 /* Release */,
			);
			defaultConfigurationIsVisible = 0;
			defaultConfigurationName = Release;
		};
/* End XCConfigurationList section */
	};
	rootObject = 30A3D86C2647973B00506557 /* Project object */;
}
